<?xml version="1.0" encoding="utf-8"?>
<Project ToolsVersion="4.0" xmlns="http://schemas.microsoft.com/developer/msbuild/2003">
  <ItemGroup>
    <Filter Include="來源檔案">
      <UniqueIdentifier>{4FC737F1-C7A5-4376-A066-2A32D752A2FF}</UniqueIdentifier>
      <Extensions>cpp;c;cc;cxx;c++;cppm;ixx;def;odl;idl;hpj;bat;asm;asmx</Extensions>
    </Filter>
    <Filter Include="Parser">
      <UniqueIdentifier>{6b6a679b-1677-4d3a-9c2f-d4fb680f776e}</UniqueIdentifier>
    </Filter>
    <Filter Include="Parser\Weight">
      <UniqueIdentifier>{70952437-903b-4a35-8220-0aaea98262c0}</UniqueIdentifier>
    </Filter>
    <Filter Include="Parser\Tech">
      <UniqueIdentifier>{9e709677-5f2e-4304-b138-255e25ebb837}</UniqueIdentifier>
    </Filter>
    <Filter Include="Parser\LEF">
      <UniqueIdentifier>{942cee52-a011-4d77-8a34-f21b78b975fc}</UniqueIdentifier>
    </Filter>
    <Filter Include="Parser\DEF">
      <UniqueIdentifier>{57184eec-f96a-49d8-ad36-68709e754325}</UniqueIdentifier>
    </Filter>
    <Filter Include="Parser\SDC">
      <UniqueIdentifier>{c9f4c13a-6ed2-4b24-850d-acc172240ad2}</UniqueIdentifier>
    </Filter>
    <Filter Include="Parser\Verilog">
      <UniqueIdentifier>{39da93b9-1ba2-4a99-80c2-4babffa9efc9}</UniqueIdentifier>
    </Filter>
    <Filter Include="DataStructures">
      <UniqueIdentifier>{486b20a0-ee00-4335-8253-8ed9c3163133}</UniqueIdentifier>
    </Filter>
    <Filter Include="Parser\Lib">
      <UniqueIdentifier>{7c46f15b-8e4d-4c59-a679-83f64e2b1d20}</UniqueIdentifier>
    </Filter>
    <Filter Include="Parser\place">
      <UniqueIdentifier>{3ed2abc3-3800-4164-b27b-446d7fcbac47}</UniqueIdentifier>
    </Filter>
    <Filter Include="Placement">
      <UniqueIdentifier>{f1b336e7-99a1-4952-99e8-b80a08ceb72c}</UniqueIdentifier>
    </Filter>
    <Filter Include="Legalizer">
      <UniqueIdentifier>{ae597a25-edb1-44da-9477-2adfa99d0922}</UniqueIdentifier>
    </Filter>
    <Filter Include="BankingEngine">
      <UniqueIdentifier>{28d8dbf1-38a6-4881-af0e-322c81319e1f}</UniqueIdentifier>
    </Filter>
    <Filter Include="Cluster">
      <UniqueIdentifier>{b525bef6-5e9d-4174-b1a0-1d089f12f1d8}</UniqueIdentifier>
    </Filter>
    <Filter Include="Mapping%28verilog，Lib%29">
      <UniqueIdentifier>{3cd9edfd-16ae-4016-a5fe-cf24db57776b}</UniqueIdentifier>
    </Filter>
    <Filter Include="WriteOutput">
      <UniqueIdentifier>{b1d45faf-8672-44c5-a2d4-7f66c1c82c05}</UniqueIdentifier>
    </Filter>
    <Filter Include="CompatibleList">
      <UniqueIdentifier>{f70992c7-02a4-4aa6-bf9d-483b5209ea52}</UniqueIdentifier>
    </Filter>
    <Filter Include="files">
      <UniqueIdentifier>{a085d2e9-c6c9-4286-92b9-06360ec70c99}</UniqueIdentifier>
    </Filter>
  </ItemGroup>
  <ItemGroup>
    <ClCompile Include="ParserWeights.cpp">
      <Filter>Parser\Weight</Filter>
    </ClCompile>
    <ClCompile Include="ParserLEF.cpp">
      <Filter>Parser\LEF</Filter>
    </ClCompile>
    <ClCompile Include="ParserDEF.cpp">
      <Filter>Parser\DEF</Filter>
    </ClCompile>
    <ClCompile Include="ParserVerilog.cpp">
      <Filter>Parser\Verilog</Filter>
    </ClCompile>
    <ClCompile Include="ParserSDC.cpp">
      <Filter>Parser\SDC</Filter>
    </ClCompile>
    <ClCompile Include="ParserTech.cpp">
      <Filter>Parser\Tech</Filter>
    </ClCompile>
    <ClCompile Include="Alpha.cpp">
      <Filter>來源檔案</Filter>
    </ClCompile>
    <ClCompile Include="LibParser.cpp">
      <Filter>Parser\Lib</Filter>
    </ClCompile>
    <ClCompile Include="place.cpp">
      <Filter>Parser\place</Filter>
    </ClCompile>
    <ClCompile Include="HierarchicalClustering.cpp">
      <Filter>Cluster</Filter>
    </ClCompile>
    <ClCompile Include="Legalizer.cpp">
      <Filter>Legalizer</Filter>
    </ClCompile>
    <ClCompile Include="Parser.cpp">
      <Filter>Parser</Filter>
    </ClCompile>
    <ClCompile Include="WriteOutput.cpp">
      <Filter>WriteOutput</Filter>
    </ClCompile>
    <ClCompile Include="CompatibleList.cpp">
      <Filter>CompatibleList</Filter>
    </ClCompile>
    <ClCompile Include="MetricsEstimator.cpp">
      <Filter>來源檔案</Filter>
    </ClCompile>
    <ClCompile Include="DPC.cpp">
      <Filter>BankingEngine</Filter>
    </ClCompile>
  </ItemGroup>
  <ItemGroup>
    <ClInclude Include="ParserWeights.h">
      <Filter>Parser\Weight</Filter>
    </ClInclude>
    <ClInclude Include="ParserLEF.h">
      <Filter>Parser\LEF</Filter>
    </ClInclude>
    <ClInclude Include="DataStructures.h">
      <Filter>DataStructures</Filter>
    </ClInclude>
    <ClInclude Include="ParserDEF.h">
      <Filter>Parser\DEF</Filter>
    </ClInclude>
    <ClInclude Include="ParserVerilog.h">
      <Filter>Parser\Verilog</Filter>
    </ClInclude>
    <ClInclude Include="ParserSDC.h">
      <Filter>Parser\SDC</Filter>
    </ClInclude>
    <ClInclude Include="ParserTech.h">
      <Filter>Parser\Tech</Filter>
    </ClInclude>
    <ClInclude Include="Parser.h">
      <Filter>Parser</Filter>
    </ClInclude>
    <ClInclude Include="place.h">
      <Filter>Parser\place</Filter>
    </ClInclude>
    <ClInclude Include="HierarchicalClustering.h">
      <Filter>Cluster</Filter>
    </ClInclude>
    <ClInclude Include="Legalizer.h">
      <Filter>Legalizer</Filter>
    </ClInclude>
    <ClInclude Include="LibParser.h">
      <Filter>Parser\Lib</Filter>
    </ClInclude>
    <ClInclude Include="WriteOutput.h">
      <Filter>WriteOutput</Filter>
    </ClInclude>
    <ClInclude Include="CompatibleList.h">
      <Filter>CompatibleList</Filter>
    </ClInclude>
    <ClInclude Include="MetricsEstimator.h">
      <Filter>來源檔案</Filter>
    </ClInclude>
    <ClInclude Include="DPC.h">
      <Filter>BankingEngine</Filter>
    </ClInclude>
  </ItemGroup>
  <ItemGroup>
    <None Include="my_beta_output.def">
      <Filter>files</Filter>
    </None>
    <None Include="my_final_output_A.def">
      <Filter>files</Filter>
    </None>
  </ItemGroup>
</Project>